
Microsoft Visual Studio Solution File, Format Version 12.00
# Visual Studio 15
VisualStudioVersion = 15.0.27428.2005
MinimumVisualStudioVersion = 10.0.40219.1
Project("{FAE04EC0-301F-11D3-BF4B-00C04F79EFBC}") = "EME", "EME\EME.csproj", "{EAEB529C-9B24-4628-A65C-B8B51FD66E85}"
EndProject
Global
	GlobalSection(SolutionConfigurationPlatforms) = preSolution
		Debug|Any CPU = Debug|Any CPU
		Release|Any CPU = Release|Any CPU
	EndGlobalSection
	GlobalSection(ProjectConfigurationPlatforms) = postSolution
		{EAEB529C-9B24-4628-A65C-B8B51FD66E85}.Debug|Any CPU.ActiveCfg = Debug|Any CPU
		{EAEB529C-9B24-4628-A65C-B8B51FD66E85}.Debug|Any CPU.Build.0 = Debug|Any CPU
		{EAEB529C-9B24-4628-A65C-B8B51FD66E85}.Release|Any CPU.ActiveCfg = Release|Any CPU
		{EAEB529C-9B24-4628-A65C-B8B51FD66E85}.Release|Any CPU.Build.0 = Release|Any CPU
	EndGlobalSection
	GlobalSection(SolutionProperties) = preSolution
		HideSolutionNode = FALSE
	EndGlobalSection
	GlobalSection(ExtensibilityGlobals) = postSolution
		SolutionGuid = {1FD667E8-CECC-4292-AACE-741F29EFB437}
	EndGlobalSection
EndGlobal
